
Microsoft Visual Studio Solution File, Format Version 12.00
# Visual Studio Version 16
VisualStudioVersion = 16.0.32802.440
MinimumVisualStudioVersion = 10.0.40219.1
Project("{FAE04EC0-301F-11D3-BF4B-00C04F79EFBC}") = "ConsoleApp1", "ConsoleApp1.csproj", "{7924000C-A04E-42C6-8915-93DA8B5830A9}"
EndProject
Project("{FAE04EC0-301F-11D3-BF4B-00C04F79EFBC}") = "TestProject1", "..\TestProject1\TestProject1.csproj", "{FE4355BB-0BD9-44EF-874A-12B77E6871E3}"
EndProject
Global
	GlobalSection(SolutionConfigurationPlatforms) = preSolution
		Debug|Any CPU = Debug|Any CPU
		Release|Any CPU = Release|Any CPU
	EndGlobalSection
	GlobalSection(ProjectConfigurationPlatforms) = postSolution
		{7924000C-A04E-42C6-8915-93DA8B5830A9}.Debug|Any CPU.ActiveCfg = Debug|Any CPU
		{7924000C-A04E-42C6-8915-93DA8B5830A9}.Debug|Any CPU.Build.0 = Debug|Any CPU
		{7924000C-A04E-42C6-8915-93DA8B5830A9}.Release|Any CPU.ActiveCfg = Release|Any CPU
		{7924000C-A04E-42C6-8915-93DA8B5830A9}.Release|Any CPU.Build.0 = Release|Any CPU
		{FE4355BB-0BD9-44EF-874A-12B77E6871E3}.Debug|Any CPU.ActiveCfg = Debug|Any CPU
		{FE4355BB-0BD9-44EF-874A-12B77E6871E3}.Debug|Any CPU.Build.0 = Debug|Any CPU
		{FE4355BB-0BD9-44EF-874A-12B77E6871E3}.Release|Any CPU.ActiveCfg = Release|Any CPU
		{FE4355BB-0BD9-44EF-874A-12B77E6871E3}.Release|Any CPU.Build.0 = Release|Any CPU
	EndGlobalSection
	GlobalSection(SolutionProperties) = preSolution
		HideSolutionNode = FALSE
	EndGlobalSection
	GlobalSection(ExtensibilityGlobals) = postSolution
		SolutionGuid = {4BE15247-9AF6-4E08-8E39-B51013E8B3F6}
	EndGlobalSection
EndGlobal
